
Microsoft Visual Studio Solution File, Format Version 12.00
# Visual Studio Version 16
VisualStudioVersion = 16.0.30711.63
MinimumVisualStudioVersion = 10.0.40219.1
Project("{FAE04EC0-301F-11D3-BF4B-00C04F79EFBC}") = "Shevcenko_02", "Shevcenko_02\Shevcenko_02.csproj", "{2517CDB6-22C4-4CB9-9CC1-12E81F402BCE}"
EndProject
Global
	GlobalSection(SolutionConfigurationPlatforms) = preSolution
		Debug|Any CPU = Debug|Any CPU
		Release|Any CPU = Release|Any CPU
	EndGlobalSection
	GlobalSection(ProjectConfigurationPlatforms) = postSolution
		{2517CDB6-22C4-4CB9-9CC1-12E81F402BCE}.Debug|Any CPU.ActiveCfg = Debug|Any CPU
		{2517CDB6-22C4-4CB9-9CC1-12E81F402BCE}.Debug|Any CPU.Build.0 = Debug|Any CPU
		{2517CDB6-22C4-4CB9-9CC1-12E81F402BCE}.Release|Any CPU.ActiveCfg = Release|Any CPU
		{2517CDB6-22C4-4CB9-9CC1-12E81F402BCE}.Release|Any CPU.Build.0 = Release|Any CPU
	EndGlobalSection
	GlobalSection(SolutionProperties) = preSolution
		HideSolutionNode = FALSE
	EndGlobalSection
	GlobalSection(ExtensibilityGlobals) = postSolution
		SolutionGuid = {A49866B0-35E7-4EE7-B685-A1B86F130400}
	EndGlobalSection
EndGlobal
